
Microsoft Visual Studio Solution File, Format Version 12.00
# Visual Studio Version 17
VisualStudioVersion = 17.8.34309.116
MinimumVisualStudioVersion = 10.0.40219.1
Project("{FAE04EC0-301F-11D3-BF4B-00C04F79EFBC}") = "herodemo", "herodemo\herodemo.csproj", "{DDDA2455-E9B9-466C-BF55-7CCB1D4F817E}"
EndProject
Global
	GlobalSection(SolutionConfigurationPlatforms) = preSolution
		Debug|Any CPU = Debug|Any CPU
		Release|Any CPU = Release|Any CPU
	EndGlobalSection
	GlobalSection(ProjectConfigurationPlatforms) = postSolution
		{DDDA2455-E9B9-466C-BF55-7CCB1D4F817E}.Debug|Any CPU.ActiveCfg = Debug|Any CPU
		{DDDA2455-E9B9-466C-BF55-7CCB1D4F817E}.Debug|Any CPU.Build.0 = Debug|Any CPU
		{DDDA2455-E9B9-466C-BF55-7CCB1D4F817E}.Release|Any CPU.ActiveCfg = Release|Any CPU
		{DDDA2455-E9B9-466C-BF55-7CCB1D4F817E}.Release|Any CPU.Build.0 = Release|Any CPU
	EndGlobalSection
	GlobalSection(SolutionProperties) = preSolution
		HideSolutionNode = FALSE
	EndGlobalSection
	GlobalSection(ExtensibilityGlobals) = postSolution
		SolutionGuid = {8D3EA024-E0BD-41A8-A76A-19F656A56CF5}
	EndGlobalSection
EndGlobal
